// !$*UTF8*$!
{
	archiveVersion = 1;
	classes = {
	};
	objectVersion = 56;
	objects = {

/* Begin PBXBuildFile section */
		040B9D2A2A6A592C00FBDB82 /* AppDelegate.swift in Sources */ = {isa = PBXBuildFile; fileRef = 040B9D292A6A592C00FBDB82 /* AppDelegate.swift */; };
		040B9D2C2A6A592C00FBDB82 /* SceneDelegate.swift in Sources */ = {isa = PBXBuildFile; fileRef = 040B9D2B2A6A592C00FBDB82 /* SceneDelegate.swift */; };
		040B9D2E2A6A592C00FBDB82 /* ViewController.swift in Sources */ = {isa = PBXBuildFile; fileRef = 040B9D2D2A6A592C00FBDB82 /* ViewController.swift */; };
		040B9D312A6A592C00FBDB82 /* Main.storyboard in Resources */ = {isa = PBXBuildFile; fileRef = 040B9D2F2A6A592C00FBDB82 /* Main.storyboard */; };
		040B9D332A6A592D00FBDB82 /* Assets.xcassets in Resources */ = {isa = PBXBuildFile; fileRef = 040B9D322A6A592D00FBDB82 /* Assets.xcassets */; };
		040B9D362A6A592D00FBDB82 /* LaunchScreen.storyboard in Resources */ = {isa = PBXBuildFile; fileRef = 040B9D342A6A592D00FBDB82 /* LaunchScreen.storyboard */; };
		040B9D462A6ADAF500FBDB82 /* CalculateButton.swift in Sources */ = {isa = PBXBuildFile; fileRef = 040B9D452A6ADAF500FBDB82 /* CalculateButton.swift */; };
		040B9D4A2A6ADF7700FBDB82 /* GenderView.xib in Resources */ = {isa = PBXBuildFile; fileRef = 040B9D492A6ADF7700FBDB82 /* GenderView.xib */; };
		040B9D4C2A6AE29F00FBDB82 /* GenderView.swift in Sources */ = {isa = PBXBuildFile; fileRef = 040B9D4B2A6AE29F00FBDB82 /* GenderView.swift */; };
		040B9D522A6C4D6300FBDB82 /* customView.xib in Resources */ = {isa = PBXBuildFile; fileRef = 040B9D512A6C4D6300FBDB82 /* customView.xib */; };
		040B9D562A6C4DFA00FBDB82 /* CustomView.swift in Sources */ = {isa = PBXBuildFile; fileRef = 040B9D552A6C4DFA00FBDB82 /* CustomView.swift */; };
		040B9D582A6C674600FBDB82 /* heightView.xib in Resources */ = {isa = PBXBuildFile; fileRef = 040B9D572A6C674600FBDB82 /* heightView.xib */; };
		040B9D5A2A6C675800FBDB82 /* HeightView.swift in Sources */ = {isa = PBXBuildFile; fileRef = 040B9D592A6C675800FBDB82 /* HeightView.swift */; };
		040B9D5C2A6D03FC00FBDB82 /* EnumGender.swift in Sources */ = {isa = PBXBuildFile; fileRef = 040B9D5B2A6D03FC00FBDB82 /* EnumGender.swift */; };
		040B9D5E2A6D2AD200FBDB82 /* BMI.swift in Sources */ = {isa = PBXBuildFile; fileRef = 040B9D5D2A6D2AD200FBDB82 /* BMI.swift */; };
		040B9D612A6D339500FBDB82 /* SecondViewController.swift in Sources */ = {isa = PBXBuildFile; fileRef = 040B9D5F2A6D339500FBDB82 /* SecondViewController.swift */; };
		040B9D622A6D339500FBDB82 /* SecondViewController.xib in Resources */ = {isa = PBXBuildFile; fileRef = 040B9D602A6D339500FBDB82 /* SecondViewController.xib */; };
/* End PBXBuildFile section */

/* Begin PBXFileReference section */
		040B9D262A6A592C00FBDB82 /* BTVNbuoi9.app */ = {isa = PBXFileReference; explicitFileType = wrapper.application; includeInIndex = 0; path = BTVNbuoi9.app; sourceTree = BUILT_PRODUCTS_DIR; };
		040B9D292A6A592C00FBDB82 /* AppDelegate.swift */ = {isa = PBXFileReference; lastKnownFileType = sourcecode.swift; path = AppDelegate.swift; sourceTree = "<group>"; };
		040B9D2B2A6A592C00FBDB82 /* SceneDelegate.swift */ = {isa = PBXFileReference; lastKnownFileType = sourcecode.swift; path = SceneDelegate.swift; sourceTree = "<group>"; };
		040B9D2D2A6A592C00FBDB82 /* ViewController.swift */ = {isa = PBXFileReference; lastKnownFileType = sourcecode.swift; path = ViewController.swift; sourceTree = "<group>"; };
		040B9D302A6A592C00FBDB82 /* Base */ = {isa = PBXFileReference; lastKnownFileType = file.storyboard; name = Base; path = Base.lproj/Main.storyboard; sourceTree = "<group>"; };
		040B9D322A6A592D00FBDB82 /* Assets.xcassets */ = {isa = PBXFileReference; lastKnownFileType = folder.assetcatalog; path = Assets.xcassets; sourceTree = "<group>"; };
		040B9D352A6A592D00FBDB82 /* Base */ = {isa = PBXFileReference; lastKnownFileType = file.storyboard; name = Base; path = Base.lproj/LaunchScreen.storyboard; sourceTree = "<group>"; };
		040B9D372A6A592D00FBDB82 /* Info.plist */ = {isa = PBXFileReference; lastKnownFileType = text.plist.xml; path = Info.plist; sourceTree = "<group>"; };
		040B9D452A6ADAF500FBDB82 /* CalculateButton.swift */ = {isa = PBXFileReference; lastKnownFileType = sourcecode.swift; path = CalculateButton.swift; sourceTree = "<group>"; };
		040B9D492A6ADF7700FBDB82 /* GenderView.xib */ = {isa = PBXFileReference; lastKnownFileType = file.xib; path = GenderView.xib; sourceTree = "<group>"; };
		040B9D4B2A6AE29F00FBDB82 /* GenderView.swift */ = {isa = PBXFileReference; lastKnownFileType = sourcecode.swift; path = GenderView.swift; sourceTree = "<group>"; };
		040B9D512A6C4D6300FBDB82 /* customView.xib */ = {isa = PBXFileReference; lastKnownFileType = file.xib; path = customView.xib; sourceTree = "<group>"; };
		040B9D552A6C4DFA00FBDB82 /* CustomView.swift */ = {isa = PBXFileReference; lastKnownFileType = sourcecode.swift; path = CustomView.swift; sourceTree = "<group>"; };
		040B9D572A6C674600FBDB82 /* heightView.xib */ = {isa = PBXFileReference; lastKnownFileType = file.xib; path = heightView.xib; sourceTree = "<group>"; };
		040B9D592A6C675800FBDB82 /* HeightView.swift */ = {isa = PBXFileReference; lastKnownFileType = sourcecode.swift; path = HeightView.swift; sourceTree = "<group>"; };
		040B9D5B2A6D03FC00FBDB82 /* EnumGender.swift */ = {isa = PBXFileReference; lastKnownFileType = sourcecode.swift; path = EnumGender.swift; sourceTree = "<group>"; };
		040B9D5D2A6D2AD200FBDB82 /* BMI.swift */ = {isa = PBXFileReference; lastKnownFileType = sourcecode.swift; path = BMI.swift; sourceTree = "<group>"; };
		040B9D5F2A6D339500FBDB82 /* SecondViewController.swift */ = {isa = PBXFileReference; lastKnownFileType = sourcecode.swift; path = SecondViewController.swift; sourceTree = "<group>"; };
		040B9D602A6D339500FBDB82 /* SecondViewController.xib */ = {isa = PBXFileReference; lastKnownFileType = file.xib; path = SecondViewController.xib; sourceTree = "<group>"; };
/* End PBXFileReference section */

/* Begin PBXFrameworksBuildPhase section */
		040B9D232A6A592C00FBDB82 /* Frameworks */ = {
			isa = PBXFrameworksBuildPhase;
			buildActionMask = 2147483647;
			files = (
			);
			runOnlyForDeploymentPostprocessing = 0;
		};
/* End PBXFrameworksBuildPhase section */

/* Begin PBXGroup section */
		040B9D1D2A6A592C00FBDB82 = {
			isa = PBXGroup;
			children = (
				040B9D282A6A592C00FBDB82 /* BTVNbuoi9 */,
				040B9D272A6A592C00FBDB82 /* Products */,
			);
			sourceTree = "<group>";
		};
		040B9D272A6A592C00FBDB82 /* Products */ = {
			isa = PBXGroup;
			children = (
				040B9D262A6A592C00FBDB82 /* BTVNbuoi9.app */,
			);
			name = Products;
			sourceTree = "<group>";
		};
		040B9D282A6A592C00FBDB82 /* BTVNbuoi9 */ = {
			isa = PBXGroup;
			children = (
				040B9D292A6A592C00FBDB82 /* AppDelegate.swift */,
				040B9D2B2A6A592C00FBDB82 /* SceneDelegate.swift */,
				040B9D2D2A6A592C00FBDB82 /* ViewController.swift */,
				040B9D5D2A6D2AD200FBDB82 /* BMI.swift */,
				040B9D5B2A6D03FC00FBDB82 /* EnumGender.swift */,
				040B9D5F2A6D339500FBDB82 /* SecondViewController.swift */,
				040B9D602A6D339500FBDB82 /* SecondViewController.xib */,
				040B9D452A6ADAF500FBDB82 /* CalculateButton.swift */,
				040B9D512A6C4D6300FBDB82 /* customView.xib */,
				040B9D552A6C4DFA00FBDB82 /* CustomView.swift */,
				040B9D592A6C675800FBDB82 /* HeightView.swift */,
				040B9D572A6C674600FBDB82 /* heightView.xib */,
				040B9D4B2A6AE29F00FBDB82 /* GenderView.swift */,
				040B9D492A6ADF7700FBDB82 /* GenderView.xib */,
				040B9D2F2A6A592C00FBDB82 /* Main.storyboard */,
				040B9D322A6A592D00FBDB82 /* Assets.xcassets */,
				040B9D342A6A592D00FBDB82 /* LaunchScreen.storyboard */,
				040B9D372A6A592D00FBDB82 /* Info.plist */,
			);
			path = BTVNbuoi9;
			sourceTree = "<group>";
		};
/* End PBXGroup section */

/* Begin PBXNativeTarget section */
		040B9D252A6A592C00FBDB82 /* BTVNbuoi9 */ = {
			isa = PBXNativeTarget;
			buildConfigurationList = 040B9D3A2A6A592D00FBDB82 /* Build configuration list for PBXNativeTarget "BTVNbuoi9" */;
			buildPhases = (
				040B9D222A6A592C00FBDB82 /* Sources */,
				040B9D232A6A592C00FBDB82 /* Frameworks */,
				040B9D242A6A592C00FBDB82 /* Resources */,
			);
			buildRules = (
			);
			dependencies = (
			);
			name = BTVNbuoi9;
			productName = BTVNbuoi9;
			productReference = 040B9D262A6A592C00FBDB82 /* BTVNbuoi9.app */;
			productType = "com.apple.product-type.application";
		};
/* End PBXNativeTarget section */

/* Begin PBXProject section */
		040B9D1E2A6A592C00FBDB82 /* Project object */ = {
			isa = PBXProject;
			attributes = {
				BuildIndependentTargetsInParallel = 1;
				LastSwiftUpdateCheck = 1430;
				LastUpgradeCheck = 1430;
				TargetAttributes = {
					040B9D252A6A592C00FBDB82 = {
						CreatedOnToolsVersion = 14.3.1;
					};
				};
			};
			buildConfigurationList = 040B9D212A6A592C00FBDB82 /* Build configuration list for PBXProject "BTVNbuoi9" */;
			compatibilityVersion = "Xcode 14.0";
			developmentRegion = en;
			hasScannedForEncodings = 0;
			knownRegions = (
				en,
				Base,
			);
			mainGroup = 040B9D1D2A6A592C00FBDB82;
			productRefGroup = 040B9D272A6A592C00FBDB82 /* Products */;
			projectDirPath = "";
			projectRoot = "";
			targets = (
				040B9D252A6A592C00FBDB82 /* BTVNbuoi9 */,
			);
		};
/* End PBXProject section */

/* Begin PBXResourcesBuildPhase section */
		040B9D242A6A592C00FBDB82 /* Resources */ = {
			isa = PBXResourcesBuildPhase;
			buildActionMask = 2147483647;
			files = (
				040B9D362A6A592D00FBDB82 /* LaunchScreen.storyboard in Resources */,
				040B9D622A6D339500FBDB82 /* SecondViewController.xib in Resources */,
				040B9D582A6C674600FBDB82 /* heightView.xib in Resources */,
				040B9D522A6C4D6300FBDB82 /* customView.xib in Resources */,
				040B9D4A2A6ADF7700FBDB82 /* GenderView.xib in Resources */,
				040B9D332A6A592D00FBDB82 /* Assets.xcassets in Resources */,
				040B9D312A6A592C00FBDB82 /* Main.storyboard in Resources */,
			);
			runOnlyForDeploymentPostprocessing = 0;
		};
/* End PBXResourcesBuildPhase section */

/* Begin PBXSourcesBuildPhase section */
		040B9D222A6A592C00FBDB82 /* Sources */ = {
			isa = PBXSourcesBuildPhase;
			buildActionMask = 2147483647;
			files = (
				040B9D2E2A6A592C00FBDB82 /* ViewController.swift in Sources */,
				040B9D562A6C4DFA00FBDB82 /* CustomView.swift in Sources */,
				040B9D2A2A6A592C00FBDB82 /* AppDelegate.swift in Sources */,
				040B9D5A2A6C675800FBDB82 /* HeightView.swift in Sources */,
				040B9D4C2A6AE29F00FBDB82 /* GenderView.swift in Sources */,
				040B9D5C2A6D03FC00FBDB82 /* EnumGender.swift in Sources */,
				040B9D462A6ADAF500FBDB82 /* CalculateButton.swift in Sources */,
				040B9D5E2A6D2AD200FBDB82 /* BMI.swift in Sources */,
				040B9D612A6D339500FBDB82 /* SecondViewController.swift in Sources */,
				040B9D2C2A6A592C00FBDB82 /* SceneDelegate.swift in Sources */,
			);
			runOnlyForDeploymentPostprocessing = 0;
		};
/* End PBXSourcesBuildPhase section */

/* Begin PBXVariantGroup section */
		040B9D2F2A6A592C00FBDB82 /* Main.storyboard */ = {
			isa = PBXVariantGroup;
			children = (
				040B9D302A6A592C00FBDB82 /* Base */,
			);
			name = Main.storyboard;
			sourceTree = "<group>";
		};
		040B9D342A6A592D00FBDB82 /* LaunchScreen.storyboard */ = {
			isa = PBXVariantGroup;
			children = (
				040B9D352A6A592D00FBDB82 /* Base */,
			);
			name = LaunchScreen.storyboard;
			sourceTree = "<group>";
		};
/* End PBXVariantGroup section */

/* Begin XCBuildConfiguration section */
		040B9D382A6A592D00FBDB82 /* Debug */ = {
			isa = XCBuildConfiguration;
			buildSettings = {
				ALWAYS_SEARCH_USER_PATHS = NO;
				CLANG_ANALYZER_NONNULL = YES;
				CLANG_ANALYZER_NUMBER_OBJECT_CONVERSION = YES_AGGRESSIVE;
				CLANG_CXX_LANGUAGE_STANDARD = "gnu++20";
				CLANG_ENABLE_MODULES = YES;
				CLANG_ENABLE_OBJC_ARC = YES;
				CLANG_ENABLE_OBJC_WEAK = YES;
				CLANG_WARN_BLOCK_CAPTURE_AUTORELEASING = YES;
				CLANG_WARN_BOOL_CONVERSION = YES;
				CLANG_WARN_COMMA = YES;
				CLANG_WARN_CONSTANT_CONVERSION = YES;
				CLANG_WARN_DEPRECATED_OBJC_IMPLEMENTATIONS = YES;
				CLANG_WARN_DIRECT_OBJC_ISA_USAGE = YES_ERROR;
				CLANG_WARN_DOCUMENTATION_COMMENTS = YES;
				CLANG_WARN_EMPTY_BODY = YES;
				CLANG_WARN_ENUM_CONVERSION = YES;
				CLANG_WARN_INFINITE_RECURSION = YES;
				CLANG_WARN_INT_CONVERSION = YES;
				CLANG_WARN_NON_LITERAL_NULL_CONVERSION = YES;
				CLANG_WARN_OBJC_IMPLICIT_RETAIN_SELF = YES;
				CLANG_WARN_OBJC_LITERAL_CONVERSION = YES;
				CLANG_WARN_OBJC_ROOT_CLASS = YES_ERROR;
				CLANG_WARN_QUOTED_INCLUDE_IN_FRAMEWORK_HEADER = YES;
				CLANG_WARN_RANGE_LOOP_ANALYSIS = YES;
				CLANG_WARN_STRICT_PROTOTYPES = YES;
				CLANG_WARN_SUSPICIOUS_MOVE = YES;
				CLANG_WARN_UNGUARDED_AVAILABILITY = YES_AGGRESSIVE;
				CLANG_WARN_UNREACHABLE_CODE = YES;
				CLANG_WARN__DUPLICATE_METHOD_MATCH = YES;
				COPY_PHASE_STRIP = NO;
				DEBUG_INFORMATION_FORMAT = dwarf;
				ENABLE_STRICT_OBJC_MSGSEND = YES;
				ENABLE_TESTABILITY = YES;
				GCC_C_LANGUAGE_STANDARD = gnu11;
				GCC_DYNAMIC_NO_PIC = NO;
				GCC_NO_COMMON_BLOCKS = YES;
				GCC_OPTIMIZATION_LEVEL = 0;
				GCC_PREPROCESSOR_DEFINITIONS = (
					"DEBUG=1",
					"$(inherited)",
				);
				GCC_WARN_64_TO_32_BIT_CONVERSION = YES;
				GCC_WARN_ABOUT_RETURN_TYPE = YES_ERROR;
				GCC_WARN_UNDECLARED_SELECTOR = YES;
				GCC_WARN_UNINITIALIZED_AUTOS = YES_AGGRESSIVE;
				GCC_WARN_UNUSED_FUNCTION = YES;
				GCC_WARN_UNUSED_VARIABLE = YES;
				IPHONEOS_DEPLOYMENT_TARGET = 16.4;
				MTL_ENABLE_DEBUG_INFO = INCLUDE_SOURCE;
				MTL_FAST_MATH = YES;
				ONLY_ACTIVE_ARCH = YES;
				SDKROOT = iphoneos;
				SWIFT_ACTIVE_COMPILATION_CONDITIONS = DEBUG;
				SWIFT_OPTIMIZATION_LEVEL = "-Onone";
			};
			name = Debug;
		};
		040B9D392A6A592D00FBDB82 /* Release */ = {
			isa = XCBuildConfiguration;
			buildSettings = {
				ALWAYS_SEARCH_USER_PATHS = NO;
				CLANG_ANALYZER_NONNULL = YES;
				CLANG_ANALYZER_NUMBER_OBJECT_CONVERSION = YES_AGGRESSIVE;
				CLANG_CXX_LANGUAGE_STANDARD = "gnu++20";
				CLANG_ENABLE_MODULES = YES;
				CLANG_ENABLE_OBJC_ARC = YES;
				CLANG_ENABLE_OBJC_WEAK = YES;
				CLANG_WARN_BLOCK_CAPTURE_AUTORELEASING = YES;
				CLANG_WARN_BOOL_CONVERSION = YES;
				CLANG_WARN_COMMA = YES;
				CLANG_WARN_CONSTANT_CONVERSION = YES;
				CLANG_WARN_DEPRECATED_OBJC_IMPLEMENTATIONS = YES;
				CLANG_WARN_DIRECT_OBJC_ISA_USAGE = YES_ERROR;
				CLANG_WARN_DOCUMENTATION_COMMENTS = YES;
				CLANG_WARN_EMPTY_BODY = YES;
				CLANG_WARN_ENUM_CONVERSION = YES;
				CLANG_WARN_INFINITE_RECURSION = YES;
				CLANG_WARN_INT_CONVERSION = YES;
				CLANG_WARN_NON_LITERAL_NULL_CONVERSION = YES;
				CLANG_WARN_OBJC_IMPLICIT_RETAIN_SELF = YES;
				CLANG_WARN_OBJC_LITERAL_CONVERSION = YES;
				CLANG_WARN_OBJC_ROOT_CLASS = YES_ERROR;
				CLANG_WARN_QUOTED_INCLUDE_IN_FRAMEWORK_HEADER = YES;
				CLANG_WARN_RANGE_LOOP_ANALYSIS = YES;
				CLANG_WARN_STRICT_PROTOTYPES = YES;
				CLANG_WARN_SUSPICIOUS_MOVE = YES;
				CLANG_WARN_UNGUARDED_AVAILABILITY = YES_AGGRESSIVE;
				CLANG_WARN_UNREACHABLE_CODE = YES;
				CLANG_WARN__DUPLICATE_METHOD_MATCH = YES;
				COPY_PHASE_STRIP = NO;
				DEBUG_INFORMATION_FORMAT = "dwarf-with-dsym";
				ENABLE_NS_ASSERTIONS = NO;
				ENABLE_STRICT_OBJC_MSGSEND = YES;
				GCC_C_LANGUAGE_STANDARD = gnu11;
				GCC_NO_COMMON_BLOCKS = YES;
				GCC_WARN_64_TO_32_BIT_CONVERSION = YES;
				GCC_WARN_ABOUT_RETURN_TYPE = YES_ERROR;
				GCC_WARN_UNDECLARED_SELECTOR = YES;
				GCC_WARN_UNINITIALIZED_AUTOS = YES_AGGRESSIVE;
				GCC_WARN_UNUSED_FUNCTION = YES;
				GCC_WARN_UNUSED_VARIABLE = YES;
				IPHONEOS_DEPLOYMENT_TARGET = 16.4;
				MTL_ENABLE_DEBUG_INFO = NO;
				MTL_FAST_MATH = YES;
				SDKROOT = iphoneos;
				SWIFT_COMPILATION_MODE = wholemodule;
				SWIFT_OPTIMIZATION_LEVEL = "-O";
				VALIDATE_PRODUCT = YES;
			};
			name = Release;
		};
		040B9D3B2A6A592D00FBDB82 /* Debug */ = {
			isa = XCBuildConfiguration;
			buildSettings = {
				ASSETCATALOG_COMPILER_APPICON_NAME = AppIcon;
				ASSETCATALOG_COMPILER_GLOBAL_ACCENT_COLOR_NAME = AccentColor;
				CODE_SIGN_STYLE = Automatic;
				CURRENT_PROJECT_VERSION = 1;
				DEVELOPMENT_TEAM = 57APVGWD23;
				GENERATE_INFOPLIST_FILE = YES;
				INFOPLIST_FILE = BTVNbuoi9/Info.plist;
				INFOPLIST_KEY_UIApplicationSupportsIndirectInputEvents = YES;
				INFOPLIST_KEY_UILaunchStoryboardName = LaunchScreen;
				INFOPLIST_KEY_UIMainStoryboardFile = Main;
				INFOPLIST_KEY_UISupportedInterfaceOrientations_iPad = "UIInterfaceOrientationPortrait UIInterfaceOrientationPortraitUpsideDown UIInterfaceOrientationLandscapeLeft UIInterfaceOrientationLandscapeRight";
				INFOPLIST_KEY_UISupportedInterfaceOrientations_iPhone = "UIInterfaceOrientationPortrait UIInterfaceOrientationLandscapeLeft UIInterfaceOrientationLandscapeRight";
				IPHONEOS_DEPLOYMENT_TARGET = 14.0;
				LD_RUNPATH_SEARCH_PATHS = (
					"$(inherited)",
					"@executable_path/Frameworks",
				);
				MARKETING_VERSION = 1.0;
				PRODUCT_BUNDLE_IDENTIFIER = "App-Demo.BTVNbuoi9";
				PRODUCT_NAME = "$(TARGET_NAME)";
				SUPPORTED_PLATFORMS = "iphoneos iphonesimulator";
				SUPPORTS_MACCATALYST = NO;
				SUPPORTS_MAC_DESIGNED_FOR_IPHONE_IPAD = NO;
				SWIFT_EMIT_LOC_STRINGS = YES;
				SWIFT_VERSION = 5.0;
				TARGETED_DEVICE_FAMILY = 1;
			};
			name = Debug;
		};
		040B9D3C2A6A592D00FBDB82 /* Release */ = {
			isa = XCBuildConfiguration;
			buildSettings = {
				ASSETCATALOG_COMPILER_APPICON_NAME = AppIcon;
				ASSETCATALOG_COMPILER_GLOBAL_ACCENT_COLOR_NAME = AccentColor;
				CODE_SIGN_STYLE = Automatic;
				CURRENT_PROJECT_VERSION = 1;
				DEVELOPMENT_TEAM = 57APVGWD23;
				GENERATE_INFOPLIST_FILE = YES;
				INFOPLIST_FILE = BTVNbuoi9/Info.plist;
				INFOPLIST_KEY_UIApplicationSupportsIndirectInputEvents = YES;
				INFOPLIST_KEY_UILaunchStoryboardName = LaunchScreen;
				INFOPLIST_KEY_UIMainStoryboardFile = Main;
				INFOPLIST_KEY_UISupportedInterfaceOrientations_iPad = "UIInterfaceOrientationPortrait UIInterfaceOrientationPortraitUpsideDown UIInterfaceOrientationLandscapeLeft UIInterfaceOrientationLandscapeRight";
				INFOPLIST_KEY_UISupportedInterfaceOrientations_iPhone = "UIInterfaceOrientationPortrait UIInterfaceOrientationLandscapeLeft UIInterfaceOrientationLandscapeRight";
				IPHONEOS_DEPLOYMENT_TARGET = 14.0;
				LD_RUNPATH_SEARCH_PATHS = (
					"$(inherited)",
					"@executable_path/Frameworks",
				);
				MARKETING_VERSION = 1.0;
				PRODUCT_BUNDLE_IDENTIFIER = "App-Demo.BTVNbuoi9";
				PRODUCT_NAME = "$(TARGET_NAME)";
				SUPPORTED_PLATFORMS = "iphoneos iphonesimulator";
				SUPPORTS_MACCATALYST = NO;
				SUPPORTS_MAC_DESIGNED_FOR_IPHONE_IPAD = NO;
				SWIFT_EMIT_LOC_STRINGS = YES;
				SWIFT_VERSION = 5.0;
				TARGETED_DEVICE_FAMILY = 1;
			};
			name = Release;
		};
/* End XCBuildConfiguration section */

/* Begin XCConfigurationList section */
		040B9D212A6A592C00FBDB82 /* Build configuration list for PBXProject "BTVNbuoi9" */ = {
			isa = XCConfigurationList;
			buildConfigurations = (
				040B9D382A6A592D00FBDB82 /* Debug */,
				040B9D392A6A592D00FBDB82 /* Release */,
			);
			defaultConfigurationIsVisible = 0;
			defaultConfigurationName = Release;
		};
		040B9D3A2A6A592D00FBDB82 /* Build configuration list for PBXNativeTarget "BTVNbuoi9" */ = {
			isa = XCConfigurationList;
			buildConfigurations = (
				040B9D3B2A6A592D00FBDB82 /* Debug */,
				040B9D3C2A6A592D00FBDB82 /* Release */,
			);
			defaultConfigurationIsVisible = 0;
			defaultConfigurationName = Release;
		};
/* End XCConfigurationList section */
	};
	rootObject = 040B9D1E2A6A592C00FBDB82 /* Project object */;
}
